
Microsoft Visual Studio Solution File, Format Version 12.00
# Visual Studio Version 16
VisualStudioVersion = 16.0.29318.209
MinimumVisualStudioVersion = 10.0.40219.1
Project("{2150E333-8FDC-42A3-9474-1A3956D46DE8}") = "Libraries", "Libraries", "{F2418F56-9620-4BA3-9078-D9732EC8DD48}"
EndProject
Project("{2150E333-8FDC-42A3-9474-1A3956D46DE8}") = "Tests", "Tests", "{02A095EA-356B-4419-86B4-E7893017CBF2}"
EndProject
Project("{E53339B2-1760-4266-BCC7-CA923CBCF16C}") = "docker-compose", "docker-compose.dcproj", "{03F10F6A-05F2-4519-8202-2476E194C5DD}"
EndProject
Project("{2150E333-8FDC-42A3-9474-1A3956D46DE8}") = "Solution Items", "Solution Items", "{E9E98CA6-9A8F-40AE-A0BC-F161C4237226}"
	ProjectSection(SolutionItems) = preProject
		.editorconfig = .editorconfig
	EndProjectSection
EndProject
Project("{9A19103F-16F7-4668-BE54-9A1E7A4F7556}") = "LIMS.Services", "LIMS.Services\LIMS.Services.csproj", "{35B2887E-32E0-4C86-B319-7B3643D1361F}"
EndProject
Project("{9A19103F-16F7-4668-BE54-9A1E7A4F7556}") = "LIMS.Framework", "LIMS.Framework\LIMS.Framework.csproj", "{7DDF06CB-2FEA-4A1D-B843-4E5C95EB7A23}"
EndProject
Project("{9A19103F-16F7-4668-BE54-9A1E7A4F7556}") = "LIMS.Domain", "LIMS.Domain\LIMS.Domain.csproj", "{A2EAABE2-BDE9-4A0B-921E-C7821A84B3B6}"
EndProject
Project("{9A19103F-16F7-4668-BE54-9A1E7A4F7556}") = "LIMS.Core", "LIMS.Core\LIMS.Core.csproj", "{CCCABA7C-76CB-432E-9642-F2BBF9E1C8B6}"
EndProject
Project("{9A19103F-16F7-4668-BE54-9A1E7A4F7556}") = "LIMS.Api", "LIMS.Api\LIMS.Api.csproj", "{B87987CD-40EC-4B51-B5D3-7B7601BCA2AD}"
EndProject
Project("{9A19103F-16F7-4668-BE54-9A1E7A4F7556}") = "LIMS.Api.Tests", "Tests\LIMS.Api.Tests\LIMS.Api.Tests.csproj", "{5EBAEC5A-21A5-4788-ADDC-295B04544C2D}"
EndProject
Project("{9A19103F-16F7-4668-BE54-9A1E7A4F7556}") = "LIMS.Core.Tests", "Tests\LIMS.Core.Tests\LIMS.Core.Tests.csproj", "{CF34CE06-4D4A-40FE-BA7D-DD9A80BB01ED}"
EndProject
Project("{9A19103F-16F7-4668-BE54-9A1E7A4F7556}") = "LIMS.Services.Tests", "Tests\LIMS.Services.Tests\LIMS.Services.Tests.csproj", "{931FA756-81B6-4655-8668-0C890AD537E0}"
EndProject
Project("{9A19103F-16F7-4668-BE54-9A1E7A4F7556}") = "LIMS.Web", "LIMS.Web\LIMS.Web.csproj", "{6F036DE1-92A5-4994-9A8C-9AFD54C9507A}"
EndProject
Global
	GlobalSection(SolutionConfigurationPlatforms) = preSolution
		Debug|Any CPU = Debug|Any CPU
		Release|Any CPU = Release|Any CPU
	EndGlobalSection
	GlobalSection(ProjectConfigurationPlatforms) = postSolution
		{03F10F6A-05F2-4519-8202-2476E194C5DD}.Debug|Any CPU.ActiveCfg = Debug|Any CPU
		{03F10F6A-05F2-4519-8202-2476E194C5DD}.Release|Any CPU.ActiveCfg = Release|Any CPU
		{35B2887E-32E0-4C86-B319-7B3643D1361F}.Debug|Any CPU.ActiveCfg = Debug|Any CPU
		{35B2887E-32E0-4C86-B319-7B3643D1361F}.Debug|Any CPU.Build.0 = Debug|Any CPU
		{35B2887E-32E0-4C86-B319-7B3643D1361F}.Release|Any CPU.ActiveCfg = Release|Any CPU
		{35B2887E-32E0-4C86-B319-7B3643D1361F}.Release|Any CPU.Build.0 = Release|Any CPU
		{7DDF06CB-2FEA-4A1D-B843-4E5C95EB7A23}.Debug|Any CPU.ActiveCfg = Debug|Any CPU
		{7DDF06CB-2FEA-4A1D-B843-4E5C95EB7A23}.Debug|Any CPU.Build.0 = Debug|Any CPU
		{7DDF06CB-2FEA-4A1D-B843-4E5C95EB7A23}.Release|Any CPU.ActiveCfg = Release|Any CPU
		{7DDF06CB-2FEA-4A1D-B843-4E5C95EB7A23}.Release|Any CPU.Build.0 = Release|Any CPU
		{A2EAABE2-BDE9-4A0B-921E-C7821A84B3B6}.Debug|Any CPU.ActiveCfg = Debug|Any CPU
		{A2EAABE2-BDE9-4A0B-921E-C7821A84B3B6}.Debug|Any CPU.Build.0 = Debug|Any CPU
		{A2EAABE2-BDE9-4A0B-921E-C7821A84B3B6}.Release|Any CPU.ActiveCfg = Release|Any CPU
		{A2EAABE2-BDE9-4A0B-921E-C7821A84B3B6}.Release|Any CPU.Build.0 = Release|Any CPU
		{CCCABA7C-76CB-432E-9642-F2BBF9E1C8B6}.Debug|Any CPU.ActiveCfg = Debug|Any CPU
		{CCCABA7C-76CB-432E-9642-F2BBF9E1C8B6}.Debug|Any CPU.Build.0 = Debug|Any CPU
		{CCCABA7C-76CB-432E-9642-F2BBF9E1C8B6}.Release|Any CPU.ActiveCfg = Release|Any CPU
		{CCCABA7C-76CB-432E-9642-F2BBF9E1C8B6}.Release|Any CPU.Build.0 = Release|Any CPU
		{B87987CD-40EC-4B51-B5D3-7B7601BCA2AD}.Debug|Any CPU.ActiveCfg = Debug|Any CPU
		{B87987CD-40EC-4B51-B5D3-7B7601BCA2AD}.Debug|Any CPU.Build.0 = Debug|Any CPU
		{B87987CD-40EC-4B51-B5D3-7B7601BCA2AD}.Release|Any CPU.ActiveCfg = Release|Any CPU
		{B87987CD-40EC-4B51-B5D3-7B7601BCA2AD}.Release|Any CPU.Build.0 = Release|Any CPU
		{5EBAEC5A-21A5-4788-ADDC-295B04544C2D}.Debug|Any CPU.ActiveCfg = Debug|Any CPU
		{5EBAEC5A-21A5-4788-ADDC-295B04544C2D}.Debug|Any CPU.Build.0 = Debug|Any CPU
		{5EBAEC5A-21A5-4788-ADDC-295B04544C2D}.Release|Any CPU.ActiveCfg = Release|Any CPU
		{5EBAEC5A-21A5-4788-ADDC-295B04544C2D}.Release|Any CPU.Build.0 = Release|Any CPU
		{CF34CE06-4D4A-40FE-BA7D-DD9A80BB01ED}.Debug|Any CPU.ActiveCfg = Debug|Any CPU
		{CF34CE06-4D4A-40FE-BA7D-DD9A80BB01ED}.Debug|Any CPU.Build.0 = Debug|Any CPU
		{CF34CE06-4D4A-40FE-BA7D-DD9A80BB01ED}.Release|Any CPU.ActiveCfg = Release|Any CPU
		{CF34CE06-4D4A-40FE-BA7D-DD9A80BB01ED}.Release|Any CPU.Build.0 = Release|Any CPU
		{931FA756-81B6-4655-8668-0C890AD537E0}.Debug|Any CPU.ActiveCfg = Debug|Any CPU
		{931FA756-81B6-4655-8668-0C890AD537E0}.Debug|Any CPU.Build.0 = Debug|Any CPU
		{931FA756-81B6-4655-8668-0C890AD537E0}.Release|Any CPU.ActiveCfg = Release|Any CPU
		{931FA756-81B6-4655-8668-0C890AD537E0}.Release|Any CPU.Build.0 = Release|Any CPU
		{6F036DE1-92A5-4994-9A8C-9AFD54C9507A}.Debug|Any CPU.ActiveCfg = Debug|Any CPU
		{6F036DE1-92A5-4994-9A8C-9AFD54C9507A}.Debug|Any CPU.Build.0 = Debug|Any CPU
		{6F036DE1-92A5-4994-9A8C-9AFD54C9507A}.Release|Any CPU.ActiveCfg = Release|Any CPU
		{6F036DE1-92A5-4994-9A8C-9AFD54C9507A}.Release|Any CPU.Build.0 = Release|Any CPU
	EndGlobalSection
	GlobalSection(SolutionProperties) = preSolution
		HideSolutionNode = FALSE
	EndGlobalSection
	GlobalSection(NestedProjects) = preSolution
		{35B2887E-32E0-4C86-B319-7B3643D1361F} = {F2418F56-9620-4BA3-9078-D9732EC8DD48}
		{7DDF06CB-2FEA-4A1D-B843-4E5C95EB7A23} = {F2418F56-9620-4BA3-9078-D9732EC8DD48}
		{A2EAABE2-BDE9-4A0B-921E-C7821A84B3B6} = {F2418F56-9620-4BA3-9078-D9732EC8DD48}
		{CCCABA7C-76CB-432E-9642-F2BBF9E1C8B6} = {F2418F56-9620-4BA3-9078-D9732EC8DD48}
		{B87987CD-40EC-4B51-B5D3-7B7601BCA2AD} = {F2418F56-9620-4BA3-9078-D9732EC8DD48}
		{5EBAEC5A-21A5-4788-ADDC-295B04544C2D} = {02A095EA-356B-4419-86B4-E7893017CBF2}
		{CF34CE06-4D4A-40FE-BA7D-DD9A80BB01ED} = {02A095EA-356B-4419-86B4-E7893017CBF2}
		{931FA756-81B6-4655-8668-0C890AD537E0} = {02A095EA-356B-4419-86B4-E7893017CBF2}
	EndGlobalSection
	GlobalSection(ExtensibilityGlobals) = postSolution
		SolutionGuid = {65BA1180-F5CC-42E1-B689-71E14D588393}
	EndGlobalSection
EndGlobal
